{
 "SurveyEntry": {
  "SurveyID": "SV_filedrawer00000",
  "SurveyName": "Op-ed x chatbot factorial with pre/post and 2-week follow-up (extension of: Dialogue Through Disagre",
  "SurveyDescription": null,
  "SurveyOwnerID": "UR_filedrawer00000",
  "SurveyBrandID": "",
  "DivisionID": null,
  "SurveyLanguage": "EN",
  "SurveyActiveResponseSet": "RS_filedrawer00000",
  "SurveyStatus": "Inactive",
  "SurveyStartDate": "0000-00-00 00:00:00",
  "SurveyExpirationDate": "0000-00-00 00:00:00",
  "SurveyCreationDate": "2026-10-07 03:10:24",
  "CreatorID": "UR_filedrawer00000",
  "LastModified": "2026-10-07 03:10:24",
  "LastAccessed": "0000-00-00 00:00:00",
  "LastActivated": "0000-00-00 00:00:00",
  "Deleted": null
 },
 "SurveyElements": [
  {
   "SurveyID": "SV_filedrawer00000",
   "Element": "BL",
   "PrimaryAttribute": "Survey Blocks",
   "SecondaryAttribute": null,
   "TertiaryAttribute": null,
   "Payload": [
    {
     "Type": "Default",
     "Description": "Consent",
     "ID": "BL_b_consent",
     "BlockElements": [
      {
       "Type": "Question",
       "QuestionID": "QID1"
      }
     ]
    },
    {
     "Type": "Standard",
     "Description": "Pre measures",
     "ID": "BL_b_pre",
     "BlockElements": [
      {
       "Type": "Question",
       "QuestionID": "QID2"
      },
      {
       "Type": "Page Break"
      },
      {
       "Type": "Question",
       "QuestionID": "QID3"
      }
     ]
    },
    {
     "Type": "Standard",
     "Description": "Op-ed",
     "ID": "BL_b_oped",
     "BlockElements": [
      {
       "Type": "Question",
       "QuestionID": "QID4"
      }
     ]
    },
    {
     "Type": "Standard",
     "Description": "Placebo",
     "ID": "BL_b_plac",
     "BlockElements": [
      {
       "Type": "Question",
       "QuestionID": "QID5"
      }
     ]
    },
    {
     "Type": "Standard",
     "Description": "Chat",
     "ID": "BL_b_chat",
     "BlockElements": [
      {
       "Type": "Question",
       "QuestionID": "QID6"
      }
     ]
    },
    {
     "Type": "Standard",
     "Description": "Post measures",
     "ID": "BL_b_post",
     "BlockElements": [
      {
       "Type": "Question",
       "QuestionID": "QID7"
      },
      {
       "Type": "Page Break"
      },
      {
       "Type": "Question",
       "QuestionID": "QID8"
      }
     ]
    },
    {
     "Type": "Standard",
     "Description": "Wave 2 follow-up (about 2 weeks later)",
     "ID": "BL_b_w2",
     "BlockElements": [
      {
       "Type": "Question",
       "QuestionID": "QID9"
      },
      {
       "Type": "Page Break"
      },
      {
       "Type": "Question",
       "QuestionID": "QID10"
      }
     ]
    },
    {
     "Type": "Standard",
     "Description": "Debrief",
     "ID": "BL_b_debrief",
     "BlockElements": [
      {
       "Type": "Question",
       "QuestionID": "QID11"
      }
     ]
    },
    {
     "Type": "Trash",
     "Description": "Trash / Unused Questions",
     "ID": "BL_trash"
    }
   ]
  },
  {
   "SurveyID": "SV_filedrawer00000",
   "Element": "FL",
   "PrimaryAttribute": "Survey Flow",
   "SecondaryAttribute": null,
   "TertiaryAttribute": null,
   "Payload": {
    "Type": "Root",
    "FlowID": "FL_1",
    "Flow": [
     {
      "Type": "Block",
      "ID": "BL_b_consent",
      "FlowID": "FL_2",
      "Autofill": []
     },
     {
      "Type": "Branch",
      "FlowID": "FL_3",
      "Description": "No consent",
      "BranchLogic": {
       "0": {
        "0": {
         "LogicType": "Question",
         "QuestionID": "QID1",
         "QuestionIsInLoop": "no",
         "ChoiceLocator": "q://QID1/SelectableChoice/2",
         "Operator": "Selected",
         "QuestionIDFromLocator": "QID1",
         "LeftOperand": "q://QID1/SelectableChoice/2",
         "Type": "Expression",
         "Description": "If QID1 choice 2 is selected"
        },
        "Type": "If"
       },
       "Type": "BooleanExpression"
      },
      "Flow": [
       {
        "Type": "EndSurvey",
        "FlowID": "FL_4"
       }
      ]
     },
     {
      "Type": "Standard",
      "ID": "BL_b_pre",
      "FlowID": "FL_5",
      "Autofill": []
     },
     {
      "Type": "BlockRandomizer",
      "FlowID": "FL_6",
      "SubSet": 1,
      "EvenPresentation": true,
      "Flow": [
       {
        "Type": "Group",
        "FlowID": "FL_7",
        "Description": "Op-ed + chatbot",
        "Flow": [
         {
          "Type": "EmbeddedData",
          "FlowID": "FL_8",
          "EmbeddedData": [
           {
            "Description": "condition",
            "Type": "Custom",
            "Field": "condition",
            "VariableType": "String",
            "DataVisibility": [],
            "AnalyzeText": false,
            "Value": "oped_chat"
           }
          ]
         },
         {
          "Type": "Standard",
          "ID": "BL_b_oped",
          "FlowID": "FL_9",
          "Autofill": []
         },
         {
          "Type": "Standard",
          "ID": "BL_b_chat",
          "FlowID": "FL_10",
          "Autofill": []
         }
        ]
       },
       {
        "Type": "Group",
        "FlowID": "FL_11",
        "Description": "Op-ed only",
        "Flow": [
         {
          "Type": "EmbeddedData",
          "FlowID": "FL_12",
          "EmbeddedData": [
           {
            "Description": "condition",
            "Type": "Custom",
            "Field": "condition",
            "VariableType": "String",
            "DataVisibility": [],
            "AnalyzeText": false,
            "Value": "oped_only"
           }
          ]
         },
         {
          "Type": "Standard",
          "ID": "BL_b_oped",
          "FlowID": "FL_13",
          "Autofill": []
         }
        ]
       },
       {
        "Type": "Group",
        "FlowID": "FL_14",
        "Description": "Placebo + chatbot",
        "Flow": [
         {
          "Type": "EmbeddedData",
          "FlowID": "FL_15",
          "EmbeddedData": [
           {
            "Description": "condition",
            "Type": "Custom",
            "Field": "condition",
            "VariableType": "String",
            "DataVisibility": [],
            "AnalyzeText": false,
            "Value": "placebo_chat"
           }
          ]
         },
         {
          "Type": "Standard",
          "ID": "BL_b_plac",
          "FlowID": "FL_16",
          "Autofill": []
         },
         {
          "Type": "Standard",
          "ID": "BL_b_chat",
          "FlowID": "FL_17",
          "Autofill": []
         }
        ]
       },
       {
        "Type": "Group",
        "FlowID": "FL_18",
        "Description": "Placebo only",
        "Flow": [
         {
          "Type": "EmbeddedData",
          "FlowID": "FL_19",
          "EmbeddedData": [
           {
            "Description": "condition",
            "Type": "Custom",
            "Field": "condition",
            "VariableType": "String",
            "DataVisibility": [],
            "AnalyzeText": false,
            "Value": "placebo_only"
           }
          ]
         },
         {
          "Type": "Standard",
          "ID": "BL_b_plac",
          "FlowID": "FL_20",
          "Autofill": []
         }
        ]
       }
      ]
     },
     {
      "Type": "Standard",
      "ID": "BL_b_post",
      "FlowID": "FL_21",
      "Autofill": []
     },
     {
      "Type": "Standard",
      "ID": "BL_b_w2",
      "FlowID": "FL_22",
      "Autofill": []
     },
     {
      "Type": "Standard",
      "ID": "BL_b_debrief",
      "FlowID": "FL_23",
      "Autofill": []
     }
    ],
    "Properties": {
     "Count": 23,
     "RemovedFieldsets": []
    }
   }
  },
  {
   "SurveyID": "SV_filedrawer00000",
   "Element": "PL",
   "PrimaryAttribute": "Preview Link",
   "SecondaryAttribute": null,
   "TertiaryAttribute": null,
   "Payload": {
    "PreviewType": "Brand",
    "PreviewID": "87febf23-332a-46d0-95da-7142f8875760"
   }
  },
  {
   "SurveyID": "SV_filedrawer00000",
   "Element": "PROJ",
   "PrimaryAttribute": "CORE",
   "SecondaryAttribute": null,
   "TertiaryAttribute": "1.1.0",
   "Payload": {
    "ProjectCategory": "CORE",
    "SchemaVersion": "1.1.0"
   }
  },
  {
   "SurveyID": "SV_filedrawer00000",
   "Element": "QC",
   "PrimaryAttribute": "Survey Question Count",
   "SecondaryAttribute": "11",
   "TertiaryAttribute": null,
   "Payload": null
  },
  {
   "SurveyID": "SV_filedrawer00000",
   "Element": "RS",
   "PrimaryAttribute": "RS_filedrawer00000",
   "SecondaryAttribute": "Default Response Set",
   "TertiaryAttribute": null,
   "Payload": null
  },
  {
   "SurveyID": "SV_filedrawer00000",
   "Element": "SCO",
   "PrimaryAttribute": "Scoring",
   "SecondaryAttribute": null,
   "TertiaryAttribute": null,
   "Payload": {
    "ScoringCategories": [],
    "ScoringCategoryGroups": [],
    "ScoringSummaryCategory": null,
    "ScoringSummaryAfterQuestions": 0,
    "ScoringSummaryAfterSurvey": 0,
    "DefaultScoringCategory": null,
    "AutoScoringCategory": null
   }
  },
  {
   "SurveyID": "SV_filedrawer00000",
   "Element": "SO",
   "PrimaryAttribute": "Survey Options",
   "SecondaryAttribute": null,
   "TertiaryAttribute": null,
   "Payload": {
    "BackButton": "false",
    "SaveAndContinue": "true",
    "SurveyProtection": "PublicSurvey",
    "BallotBoxStuffingPrevention": "false",
    "NoIndex": "Yes",
    "SecureResponseFiles": "true",
    "SurveyExpiration": "None",
    "SurveyTermination": "DefaultMessage",
    "Header": "",
    "Footer": "",
    "ProgressBarDisplay": "None",
    "PartialData": "+1 week",
    "ValidationMessage": null,
    "PreviousButton": "",
    "NextButton": "",
    "SurveyTitle": "Op-ed x chatbot factorial with pre/post and 2-week follow-up (extension of: Dialogue Through Disagre",
    "SkinLibrary": "Qualtrics",
    "SkinType": "templated",
    "Skin": {
     "brandingId": null,
     "templateId": "*base",
     "overrides": null
    },
    "NewScoring": 1,
    "SurveyMetaDescription": "Participants report their spending attitude and certainty, are randomised to one of four arms (op..."
   }
  },
  {
   "SurveyID": "SV_filedrawer00000",
   "Element": "STAT",
   "PrimaryAttribute": "Survey Statistics",
   "SecondaryAttribute": null,
   "TertiaryAttribute": null,
   "Payload": {
    "MobileCompatible": true,
    "ID": "Survey Statistics"
   }
  },
  {
   "SurveyID": "SV_filedrawer00000",
   "Element": "SQ",
   "PrimaryAttribute": "QID1",
   "SecondaryAttribute": "You are invited to a research study on opinions about government spending. It ha",
   "TertiaryAttribute": null,
   "Payload": {
    "QuestionText": "You are invited to a research study on opinions about government spending. It has two parts, about two weeks apart. Participation is voluntary. Do you consent to take part?",
    "DataExportTag": "consent",
    "DataVisibility": {
     "Private": false,
     "Hidden": false
    },
    "Configuration": {
     "QuestionDescriptionOption": "UseText"
    },
    "QuestionDescription": "You are invited to a research study on opinions about government spending. It has two parts, abou...",
    "Validation": {
     "Settings": {
      "ForceResponse": "ON",
      "ForceResponseType": "ON",
      "Type": "None"
     }
    },
    "Language": [],
    "QuestionID": "QID1",
    "QuestionType": "MC",
    "Selector": "SAVR",
    "SubSelector": "TX",
    "Choices": {
     "1": {
      "Display": "I consent"
     },
     "2": {
      "Display": "I do not consent"
     }
    },
    "ChoiceOrder": [
     "1",
     "2"
    ],
    "NextChoiceId": 3,
    "NextAnswerId": 1,
    "RecodeValues": {
     "1": "1",
     "2": "0"
    }
   }
  },
  {
   "SurveyID": "SV_filedrawer00000",
   "Element": "SQ",
   "PrimaryAttribute": "QID2",
   "SecondaryAttribute": "Overall, how much do you support increased government spending on social program",
   "TertiaryAttribute": null,
   "Payload": {
    "QuestionText": "Overall, how much do you support increased government spending on social programs? (1 = strongly oppose, 7 = strongly support)",
    "DataExportTag": "pre_support",
    "DataVisibility": {
     "Private": false,
     "Hidden": false
    },
    "Configuration": {
     "QuestionDescriptionOption": "UseText"
    },
    "QuestionDescription": "Overall, how much do you support increased government spending on social programs? (1 = strongly...",
    "Validation": {
     "Settings": {
      "ForceResponse": "ON",
      "ForceResponseType": "ON",
      "Type": "None"
     }
    },
    "Language": [],
    "QuestionID": "QID2",
    "QuestionType": "MC",
    "Selector": "SAVR",
    "SubSelector": "TX",
    "Choices": {
     "1": {
      "Display": "1"
     },
     "2": {
      "Display": "2"
     },
     "3": {
      "Display": "3"
     },
     "4": {
      "Display": "4"
     },
     "5": {
      "Display": "5"
     },
     "6": {
      "Display": "6"
     },
     "7": {
      "Display": "7"
     }
    },
    "ChoiceOrder": [
     "1",
     "2",
     "3",
     "4",
     "5",
     "6",
     "7"
    ],
    "NextChoiceId": 8,
    "NextAnswerId": 1,
    "RecodeValues": {
     "1": "1",
     "2": "2",
     "3": "3",
     "4": "4",
     "5": "5",
     "6": "6",
     "7": "7"
    }
   }
  },
  {
   "SurveyID": "SV_filedrawer00000",
   "Element": "SQ",
   "PrimaryAttribute": "QID3",
   "SecondaryAttribute": "How certain are you of your position? (0-100)",
   "TertiaryAttribute": null,
   "Payload": {
    "QuestionText": "How certain are you of your position? (0-100)",
    "DataExportTag": "pre_certainty",
    "DataVisibility": {
     "Private": false,
     "Hidden": false
    },
    "Configuration": {
     "QuestionDescriptionOption": "UseText"
    },
    "QuestionDescription": "How certain are you of your position? (0-100)",
    "Validation": {
     "Settings": {
      "ForceResponse": "ON",
      "ForceResponseType": "ON",
      "Type": "None"
     }
    },
    "Language": [],
    "QuestionID": "QID3",
    "QuestionType": "TE",
    "Selector": "SL",
    "NextChoiceId": 1,
    "NextAnswerId": 1,
    "SearchSource": {
     "AllowFreeResponse": "false"
    }
   }
  },
  {
   "SurveyID": "SV_filedrawer00000",
   "Element": "SQ",
   "PrimaryAttribute": "QID4",
   "SecondaryAttribute": "Please read this article carefully. It argues against your stated position on go",
   "TertiaryAttribute": null,
   "Payload": {
    "QuestionText": "Please read this article carefully. It argues against your stated position on government spending. [The op-ed text matching the participant's pre-measured position is shown here.]",
    "DataVisibility": {
     "Private": false,
     "Hidden": false
    },
    "Configuration": {
     "QuestionDescriptionOption": "UseText"
    },
    "QuestionDescription": "Please read this article carefully. It argues against your stated position on government spending...",
    "Validation": {
     "Settings": {
      "Type": "None"
     }
    },
    "Language": [],
    "QuestionID": "QID4",
    "QuestionType": "DB",
    "Selector": "TB",
    "DefaultChoices": false,
    "ChoiceOrder": [],
    "GradingData": [],
    "NextChoiceId": 1,
    "NextAnswerId": 1,
    "DataExportTag": "q_oped"
   }
  },
  {
   "SurveyID": "SV_filedrawer00000",
   "Element": "SQ",
   "PrimaryAttribute": "QID5",
   "SecondaryAttribute": "Please read this article carefully. It is about an unrelated everyday topic. [Th",
   "TertiaryAttribute": null,
   "Payload": {
    "QuestionText": "Please read this article carefully. It is about an unrelated everyday topic. [The placebo article text is shown here.]",
    "DataVisibility": {
     "Private": false,
     "Hidden": false
    },
    "Configuration": {
     "QuestionDescriptionOption": "UseText"
    },
    "QuestionDescription": "Please read this article carefully. It is about an unrelated everyday topic. [The placebo article...",
    "Validation": {
     "Settings": {
      "Type": "None"
     }
    },
    "Language": [],
    "QuestionID": "QID5",
    "QuestionType": "DB",
    "Selector": "TB",
    "DefaultChoices": false,
    "ChoiceOrder": [],
    "GradingData": [],
    "NextChoiceId": 1,
    "NextAnswerId": 1,
    "DataExportTag": "q_plac"
   }
  },
  {
   "SurveyID": "SV_filedrawer00000",
   "Element": "SQ",
   "PrimaryAttribute": "QID6",
   "SecondaryAttribute": "Now please talk with our chatbot for about 3 minutes. It will ask what you thoug",
   "TertiaryAttribute": null,
   "Payload": {
    "QuestionText": "Now please talk with our chatbot for about 3 minutes. It will ask what you thought of the article you just read. Type your thoughts and respond to its questions.",
    "DataVisibility": {
     "Private": false,
     "Hidden": false
    },
    "Configuration": {
     "QuestionDescriptionOption": "UseText"
    },
    "QuestionDescription": "Now please talk with our chatbot for about 3 minutes. It will ask what you thought of the article...",
    "Validation": {
     "Settings": {
      "Type": "None"
     }
    },
    "Language": [],
    "QuestionID": "QID6",
    "QuestionType": "DB",
    "Selector": "TB",
    "DefaultChoices": false,
    "ChoiceOrder": [],
    "GradingData": [],
    "NextChoiceId": 1,
    "NextAnswerId": 1,
    "DataExportTag": "q_chat"
   }
  },
  {
   "SurveyID": "SV_filedrawer00000",
   "Element": "SQ",
   "PrimaryAttribute": "QID7",
   "SecondaryAttribute": "Overall, how much do you support increased government spending on social program",
   "TertiaryAttribute": null,
   "Payload": {
    "QuestionText": "Overall, how much do you support increased government spending on social programs? (1 = strongly oppose, 7 = strongly support)",
    "DataExportTag": "post_support",
    "DataVisibility": {
     "Private": false,
     "Hidden": false
    },
    "Configuration": {
     "QuestionDescriptionOption": "UseText"
    },
    "QuestionDescription": "Overall, how much do you support increased government spending on social programs? (1 = strongly...",
    "Validation": {
     "Settings": {
      "ForceResponse": "ON",
      "ForceResponseType": "ON",
      "Type": "None"
     }
    },
    "Language": [],
    "QuestionID": "QID7",
    "QuestionType": "MC",
    "Selector": "SAVR",
    "SubSelector": "TX",
    "Choices": {
     "1": {
      "Display": "1"
     },
     "2": {
      "Display": "2"
     },
     "3": {
      "Display": "3"
     },
     "4": {
      "Display": "4"
     },
     "5": {
      "Display": "5"
     },
     "6": {
      "Display": "6"
     },
     "7": {
      "Display": "7"
     }
    },
    "ChoiceOrder": [
     "1",
     "2",
     "3",
     "4",
     "5",
     "6",
     "7"
    ],
    "NextChoiceId": 8,
    "NextAnswerId": 1,
    "RecodeValues": {
     "1": "1",
     "2": "2",
     "3": "3",
     "4": "4",
     "5": "5",
     "6": "6",
     "7": "7"
    }
   }
  },
  {
   "SurveyID": "SV_filedrawer00000",
   "Element": "SQ",
   "PrimaryAttribute": "QID8",
   "SecondaryAttribute": "How certain are you of your position? (0-100)",
   "TertiaryAttribute": null,
   "Payload": {
    "QuestionText": "How certain are you of your position? (0-100)",
    "DataExportTag": "post_certainty",
    "DataVisibility": {
     "Private": false,
     "Hidden": false
    },
    "Configuration": {
     "QuestionDescriptionOption": "UseText"
    },
    "QuestionDescription": "How certain are you of your position? (0-100)",
    "Validation": {
     "Settings": {
      "ForceResponse": "ON",
      "ForceResponseType": "ON",
      "Type": "None"
     }
    },
    "Language": [],
    "QuestionID": "QID8",
    "QuestionType": "TE",
    "Selector": "SL",
    "NextChoiceId": 1,
    "NextAnswerId": 1,
    "SearchSource": {
     "AllowFreeResponse": "false"
    }
   }
  },
  {
   "SurveyID": "SV_filedrawer00000",
   "Element": "SQ",
   "PrimaryAttribute": "QID9",
   "SecondaryAttribute": "Overall, how much do you support increased government spending on social program",
   "TertiaryAttribute": null,
   "Payload": {
    "QuestionText": "Overall, how much do you support increased government spending on social programs? (1 = strongly oppose, 7 = strongly support)",
    "DataExportTag": "w2_support",
    "DataVisibility": {
     "Private": false,
     "Hidden": false
    },
    "Configuration": {
     "QuestionDescriptionOption": "UseText"
    },
    "QuestionDescription": "Overall, how much do you support increased government spending on social programs? (1 = strongly...",
    "Validation": {
     "Settings": {
      "ForceResponse": "ON",
      "ForceResponseType": "ON",
      "Type": "None"
     }
    },
    "Language": [],
    "QuestionID": "QID9",
    "QuestionType": "MC",
    "Selector": "SAVR",
    "SubSelector": "TX",
    "Choices": {
     "1": {
      "Display": "1"
     },
     "2": {
      "Display": "2"
     },
     "3": {
      "Display": "3"
     },
     "4": {
      "Display": "4"
     },
     "5": {
      "Display": "5"
     },
     "6": {
      "Display": "6"
     },
     "7": {
      "Display": "7"
     }
    },
    "ChoiceOrder": [
     "1",
     "2",
     "3",
     "4",
     "5",
     "6",
     "7"
    ],
    "NextChoiceId": 8,
    "NextAnswerId": 1,
    "RecodeValues": {
     "1": "1",
     "2": "2",
     "3": "3",
     "4": "4",
     "5": "5",
     "6": "6",
     "7": "7"
    }
   }
  },
  {
   "SurveyID": "SV_filedrawer00000",
   "Element": "SQ",
   "PrimaryAttribute": "QID10",
   "SecondaryAttribute": "How certain are you of your position? (0-100)",
   "TertiaryAttribute": null,
   "Payload": {
    "QuestionText": "How certain are you of your position? (0-100)",
    "DataExportTag": "w2_certainty",
    "DataVisibility": {
     "Private": false,
     "Hidden": false
    },
    "Configuration": {
     "QuestionDescriptionOption": "UseText"
    },
    "QuestionDescription": "How certain are you of your position? (0-100)",
    "Validation": {
     "Settings": {
      "ForceResponse": "ON",
      "ForceResponseType": "ON",
      "Type": "None"
     }
    },
    "Language": [],
    "QuestionID": "QID10",
    "QuestionType": "TE",
    "Selector": "SL",
    "NextChoiceId": 1,
    "NextAnswerId": 1,
    "SearchSource": {
     "AllowFreeResponse": "false"
    }
   }
  },
  {
   "SurveyID": "SV_filedrawer00000",
   "Element": "SQ",
   "PrimaryAttribute": "QID11",
   "SecondaryAttribute": "Thank you. This study examined how reading an article and chatting with a chatbo",
   "TertiaryAttribute": null,
   "Payload": {
    "QuestionText": "Thank you. This study examined how reading an article and chatting with a chatbot affect opinions. The op-ed presented one side of a debated issue and the other article was unrelated. Please contact the research team with any questions.",
    "DataVisibility": {
     "Private": false,
     "Hidden": false
    },
    "Configuration": {
     "QuestionDescriptionOption": "UseText"
    },
    "QuestionDescription": "Thank you. This study examined how reading an article and chatting with a chatbot affect opinions...",
    "Validation": {
     "Settings": {
      "Type": "None"
     }
    },
    "Language": [],
    "QuestionID": "QID11",
    "QuestionType": "DB",
    "Selector": "TB",
    "DefaultChoices": false,
    "ChoiceOrder": [],
    "GradingData": [],
    "NextChoiceId": 1,
    "NextAnswerId": 1,
    "DataExportTag": "q_debrief"
   }
  }
 ]
}