{
 "SurveyEntry": {
  "SurveyID": "SV_filedrawer00000",
  "SurveyName": "Op-ed x chatbot 2x2 with baseline and one-week follow-up (extension of: Dialogue Through Disagreemen",
  "SurveyDescription": null,
  "SurveyOwnerID": "UR_filedrawer00000",
  "SurveyBrandID": "",
  "DivisionID": null,
  "SurveyLanguage": "EN",
  "SurveyActiveResponseSet": "RS_filedrawer00000",
  "SurveyStatus": "Inactive",
  "SurveyStartDate": "0000-00-00 00:00:00",
  "SurveyExpirationDate": "0000-00-00 00:00:00",
  "SurveyCreationDate": "2026-10-08 16:04:04",
  "CreatorID": "UR_filedrawer00000",
  "LastModified": "2026-10-08 16:04:04",
  "LastAccessed": "0000-00-00 00:00:00",
  "LastActivated": "0000-00-00 00:00:00",
  "Deleted": null
 },
 "SurveyElements": [
  {
   "SurveyID": "SV_filedrawer00000",
   "Element": "BL",
   "PrimaryAttribute": "Survey Blocks",
   "SecondaryAttribute": null,
   "TertiaryAttribute": null,
   "Payload": [
    {
     "Type": "Default",
     "Description": "Consent",
     "ID": "BL_b_consent",
     "BlockElements": [
      {
       "Type": "Question",
       "QuestionID": "QID1"
      }
     ]
    },
    {
     "Type": "Standard",
     "Description": "Baseline",
     "ID": "BL_b_base",
     "BlockElements": [
      {
       "Type": "Question",
       "QuestionID": "QID2"
      },
      {
       "Type": "Page Break"
      },
      {
       "Type": "Question",
       "QuestionID": "QID3"
      },
      {
       "Type": "Page Break"
      },
      {
       "Type": "Question",
       "QuestionID": "QID4"
      }
     ]
    },
    {
     "Type": "Standard",
     "Description": "Op-ed",
     "ID": "BL_b_op",
     "BlockElements": [
      {
       "Type": "Question",
       "QuestionID": "QID5"
      }
     ]
    },
    {
     "Type": "Standard",
     "Description": "Placebo",
     "ID": "BL_b_pl",
     "BlockElements": [
      {
       "Type": "Question",
       "QuestionID": "QID6"
      }
     ]
    },
    {
     "Type": "Standard",
     "Description": "Chat",
     "ID": "BL_b_chat",
     "BlockElements": [
      {
       "Type": "Question",
       "QuestionID": "QID7"
      }
     ]
    },
    {
     "Type": "Standard",
     "Description": "Filler",
     "ID": "BL_b_fill",
     "BlockElements": [
      {
       "Type": "Question",
       "QuestionID": "QID8"
      }
     ]
    },
    {
     "Type": "Standard",
     "Description": "Outcomes",
     "ID": "BL_b_out",
     "BlockElements": [
      {
       "Type": "Question",
       "QuestionID": "QID9"
      },
      {
       "Type": "Page Break"
      },
      {
       "Type": "Question",
       "QuestionID": "QID10"
      }
     ]
    },
    {
     "Type": "Standard",
     "Description": "Debrief",
     "ID": "BL_b_debrief",
     "BlockElements": [
      {
       "Type": "Question",
       "QuestionID": "QID11"
      }
     ]
    },
    {
     "Type": "Trash",
     "Description": "Trash / Unused Questions",
     "ID": "BL_trash"
    }
   ]
  },
  {
   "SurveyID": "SV_filedrawer00000",
   "Element": "FL",
   "PrimaryAttribute": "Survey Flow",
   "SecondaryAttribute": null,
   "TertiaryAttribute": null,
   "Payload": {
    "Type": "Root",
    "FlowID": "FL_1",
    "Flow": [
     {
      "Type": "Block",
      "ID": "BL_b_consent",
      "FlowID": "FL_2",
      "Autofill": []
     },
     {
      "Type": "Branch",
      "FlowID": "FL_3",
      "Description": "No consent",
      "BranchLogic": {
       "0": {
        "0": {
         "LogicType": "Question",
         "QuestionID": "QID1",
         "QuestionIsInLoop": "no",
         "ChoiceLocator": "q://QID1/SelectableChoice/2",
         "Operator": "Selected",
         "QuestionIDFromLocator": "QID1",
         "LeftOperand": "q://QID1/SelectableChoice/2",
         "Type": "Expression",
         "Description": "If QID1 choice 2 is selected"
        },
        "Type": "If"
       },
       "Type": "BooleanExpression"
      },
      "Flow": [
       {
        "Type": "EndSurvey",
        "FlowID": "FL_4"
       }
      ]
     },
     {
      "Type": "Standard",
      "ID": "BL_b_base",
      "FlowID": "FL_5",
      "Autofill": []
     },
     {
      "Type": "BlockRandomizer",
      "FlowID": "FL_6",
      "SubSet": 1,
      "EvenPresentation": true,
      "Flow": [
       {
        "Type": "Group",
        "FlowID": "FL_7",
        "Description": "Op-ed + chat",
        "Flow": [
         {
          "Type": "EmbeddedData",
          "FlowID": "FL_8",
          "EmbeddedData": [
           {
            "Description": "condition",
            "Type": "Custom",
            "Field": "condition",
            "VariableType": "String",
            "DataVisibility": [],
            "AnalyzeText": false,
            "Value": "oped_chat"
           }
          ]
         },
         {
          "Type": "Standard",
          "ID": "BL_b_op",
          "FlowID": "FL_9",
          "Autofill": []
         },
         {
          "Type": "Standard",
          "ID": "BL_b_chat",
          "FlowID": "FL_10",
          "Autofill": []
         }
        ]
       },
       {
        "Type": "Group",
        "FlowID": "FL_11",
        "Description": "Op-ed + filler",
        "Flow": [
         {
          "Type": "EmbeddedData",
          "FlowID": "FL_12",
          "EmbeddedData": [
           {
            "Description": "condition",
            "Type": "Custom",
            "Field": "condition",
            "VariableType": "String",
            "DataVisibility": [],
            "AnalyzeText": false,
            "Value": "oped_filler"
           }
          ]
         },
         {
          "Type": "Standard",
          "ID": "BL_b_op",
          "FlowID": "FL_13",
          "Autofill": []
         },
         {
          "Type": "Standard",
          "ID": "BL_b_fill",
          "FlowID": "FL_14",
          "Autofill": []
         }
        ]
       },
       {
        "Type": "Group",
        "FlowID": "FL_15",
        "Description": "Placebo + chat",
        "Flow": [
         {
          "Type": "EmbeddedData",
          "FlowID": "FL_16",
          "EmbeddedData": [
           {
            "Description": "condition",
            "Type": "Custom",
            "Field": "condition",
            "VariableType": "String",
            "DataVisibility": [],
            "AnalyzeText": false,
            "Value": "placebo_chat"
           }
          ]
         },
         {
          "Type": "Standard",
          "ID": "BL_b_pl",
          "FlowID": "FL_17",
          "Autofill": []
         },
         {
          "Type": "Standard",
          "ID": "BL_b_chat",
          "FlowID": "FL_18",
          "Autofill": []
         }
        ]
       },
       {
        "Type": "Group",
        "FlowID": "FL_19",
        "Description": "Placebo + filler",
        "Flow": [
         {
          "Type": "EmbeddedData",
          "FlowID": "FL_20",
          "EmbeddedData": [
           {
            "Description": "condition",
            "Type": "Custom",
            "Field": "condition",
            "VariableType": "String",
            "DataVisibility": [],
            "AnalyzeText": false,
            "Value": "placebo_filler"
           }
          ]
         },
         {
          "Type": "Standard",
          "ID": "BL_b_pl",
          "FlowID": "FL_21",
          "Autofill": []
         },
         {
          "Type": "Standard",
          "ID": "BL_b_fill",
          "FlowID": "FL_22",
          "Autofill": []
         }
        ]
       }
      ]
     },
     {
      "Type": "Standard",
      "ID": "BL_b_out",
      "FlowID": "FL_23",
      "Autofill": []
     },
     {
      "Type": "Standard",
      "ID": "BL_b_debrief",
      "FlowID": "FL_24",
      "Autofill": []
     }
    ],
    "Properties": {
     "Count": 24,
     "RemovedFieldsets": []
    }
   }
  },
  {
   "SurveyID": "SV_filedrawer00000",
   "Element": "PL",
   "PrimaryAttribute": "Preview Link",
   "SecondaryAttribute": null,
   "TertiaryAttribute": null,
   "Payload": {
    "PreviewType": "Brand",
    "PreviewID": "3b41dc36-e348-46fb-b7df-f62db82ef77c"
   }
  },
  {
   "SurveyID": "SV_filedrawer00000",
   "Element": "PROJ",
   "PrimaryAttribute": "CORE",
   "SecondaryAttribute": null,
   "TertiaryAttribute": "1.1.0",
   "Payload": {
    "ProjectCategory": "CORE",
    "SchemaVersion": "1.1.0"
   }
  },
  {
   "SurveyID": "SV_filedrawer00000",
   "Element": "QC",
   "PrimaryAttribute": "Survey Question Count",
   "SecondaryAttribute": "11",
   "TertiaryAttribute": null,
   "Payload": null
  },
  {
   "SurveyID": "SV_filedrawer00000",
   "Element": "RS",
   "PrimaryAttribute": "RS_filedrawer00000",
   "SecondaryAttribute": "Default Response Set",
   "TertiaryAttribute": null,
   "Payload": null
  },
  {
   "SurveyID": "SV_filedrawer00000",
   "Element": "SCO",
   "PrimaryAttribute": "Scoring",
   "SecondaryAttribute": null,
   "TertiaryAttribute": null,
   "Payload": {
    "ScoringCategories": [],
    "ScoringCategoryGroups": [],
    "ScoringSummaryCategory": null,
    "ScoringSummaryAfterQuestions": 0,
    "ScoringSummaryAfterSurvey": 0,
    "DefaultScoringCategory": null,
    "AutoScoringCategory": null
   }
  },
  {
   "SurveyID": "SV_filedrawer00000",
   "Element": "SO",
   "PrimaryAttribute": "Survey Options",
   "SecondaryAttribute": null,
   "TertiaryAttribute": null,
   "Payload": {
    "BackButton": "false",
    "SaveAndContinue": "true",
    "SurveyProtection": "PublicSurvey",
    "BallotBoxStuffingPrevention": "false",
    "NoIndex": "Yes",
    "SecureResponseFiles": "true",
    "SurveyExpiration": "None",
    "SurveyTermination": "DefaultMessage",
    "Header": "",
    "Footer": "",
    "ProgressBarDisplay": "None",
    "PartialData": "+1 week",
    "ValidationMessage": null,
    "PreviousButton": "",
    "NextButton": "",
    "SurveyTitle": "Op-ed x chatbot 2x2 with baseline and one-week follow-up (extension of: Dialogue Through Disagreemen",
    "SkinLibrary": "Qualtrics",
    "SkinType": "templated",
    "Skin": {
     "brandingId": null,
     "templateId": "*base",
     "overrides": null
    },
    "NewScoring": 1,
    "SurveyMetaDescription": "Respondents report baseline support and certainty. They are randomised to an op-ed against their..."
   }
  },
  {
   "SurveyID": "SV_filedrawer00000",
   "Element": "STAT",
   "PrimaryAttribute": "Survey Statistics",
   "SecondaryAttribute": null,
   "TertiaryAttribute": null,
   "Payload": {
    "MobileCompatible": true,
    "ID": "Survey Statistics"
   }
  },
  {
   "SurveyID": "SV_filedrawer00000",
   "Element": "SQ",
   "PrimaryAttribute": "QID1",
   "SecondaryAttribute": "You are invited to a research survey on government spending opinions, with a fol",
   "TertiaryAttribute": null,
   "Payload": {
    "QuestionText": "You are invited to a research survey on government spending opinions, with a follow-up in about one week. Participation is voluntary. Do you consent to participate?",
    "DataExportTag": "consent",
    "DataVisibility": {
     "Private": false,
     "Hidden": false
    },
    "Configuration": {
     "QuestionDescriptionOption": "UseText"
    },
    "QuestionDescription": "You are invited to a research survey on government spending opinions, with a follow-up in about o...",
    "Validation": {
     "Settings": {
      "ForceResponse": "ON",
      "ForceResponseType": "ON",
      "Type": "None"
     }
    },
    "Language": [],
    "QuestionID": "QID1",
    "QuestionType": "MC",
    "Selector": "SAVR",
    "SubSelector": "TX",
    "Choices": {
     "1": {
      "Display": "I consent"
     },
     "2": {
      "Display": "I do not consent"
     }
    },
    "ChoiceOrder": [
     "1",
     "2"
    ],
    "NextChoiceId": 3,
    "NextAnswerId": 1,
    "RecodeValues": {
     "1": "1",
     "2": "0"
    }
   }
  },
  {
   "SurveyID": "SV_filedrawer00000",
   "Element": "SQ",
   "PrimaryAttribute": "QID2",
   "SecondaryAttribute": "Do you generally favour more or less government spending?",
   "TertiaryAttribute": null,
   "Payload": {
    "QuestionText": "Do you generally favour more or less government spending?",
    "DataExportTag": "group",
    "DataVisibility": {
     "Private": false,
     "Hidden": false
    },
    "Configuration": {
     "QuestionDescriptionOption": "UseText"
    },
    "QuestionDescription": "Do you generally favour more or less government spending?",
    "Validation": {
     "Settings": {
      "ForceResponse": "ON",
      "ForceResponseType": "ON",
      "Type": "None"
     }
    },
    "Language": [],
    "QuestionID": "QID2",
    "QuestionType": "MC",
    "Selector": "SAVR",
    "SubSelector": "TX",
    "Choices": {
     "1": {
      "Display": "More spending"
     },
     "2": {
      "Display": "Less spending"
     }
    },
    "ChoiceOrder": [
     "1",
     "2"
    ],
    "NextChoiceId": 3,
    "NextAnswerId": 1,
    "RecodeValues": {
     "1": "1",
     "2": "0"
    }
   }
  },
  {
   "SurveyID": "SV_filedrawer00000",
   "Element": "SQ",
   "PrimaryAttribute": "QID3",
   "SecondaryAttribute": "Before reading anything: how much do you support increased government spending? ",
   "TertiaryAttribute": null,
   "Payload": {
    "QuestionText": "Before reading anything: how much do you support increased government spending? (1 = strongly oppose, 7 = strongly support)",
    "DataExportTag": "support_pre",
    "DataVisibility": {
     "Private": false,
     "Hidden": false
    },
    "Configuration": {
     "QuestionDescriptionOption": "UseText"
    },
    "QuestionDescription": "Before reading anything: how much do you support increased government spending? (1 = strongly opp...",
    "Validation": {
     "Settings": {
      "ForceResponse": "ON",
      "ForceResponseType": "ON",
      "Type": "None"
     }
    },
    "Language": [],
    "QuestionID": "QID3",
    "QuestionType": "MC",
    "Selector": "SAVR",
    "SubSelector": "TX",
    "Choices": {
     "1": {
      "Display": "1"
     },
     "2": {
      "Display": "2"
     },
     "3": {
      "Display": "3"
     },
     "4": {
      "Display": "4"
     },
     "5": {
      "Display": "5"
     },
     "6": {
      "Display": "6"
     },
     "7": {
      "Display": "7"
     }
    },
    "ChoiceOrder": [
     "1",
     "2",
     "3",
     "4",
     "5",
     "6",
     "7"
    ],
    "NextChoiceId": 8,
    "NextAnswerId": 1,
    "RecodeValues": {
     "1": "1",
     "2": "2",
     "3": "3",
     "4": "4",
     "5": "5",
     "6": "6",
     "7": "7"
    }
   }
  },
  {
   "SurveyID": "SV_filedrawer00000",
   "Element": "SQ",
   "PrimaryAttribute": "QID4",
   "SecondaryAttribute": "How certain are you of your position? (0-100)",
   "TertiaryAttribute": null,
   "Payload": {
    "QuestionText": "How certain are you of your position? (0-100)",
    "DataExportTag": "certainty_pre",
    "DataVisibility": {
     "Private": false,
     "Hidden": false
    },
    "Configuration": {
     "QuestionDescriptionOption": "UseText"
    },
    "QuestionDescription": "How certain are you of your position? (0-100)",
    "Validation": {
     "Settings": {
      "ForceResponse": "ON",
      "ForceResponseType": "ON",
      "Type": "None"
     }
    },
    "Language": [],
    "QuestionID": "QID4",
    "QuestionType": "TE",
    "Selector": "SL",
    "NextChoiceId": 1,
    "NextAnswerId": 1,
    "SearchSource": {
     "AllowFreeResponse": "false"
    }
   }
  },
  {
   "SurveyID": "SV_filedrawer00000",
   "Element": "SQ",
   "PrimaryAttribute": "QID5",
   "SecondaryAttribute": "Please read this opinion article arguing against your position on government spe",
   "TertiaryAttribute": null,
   "Payload": {
    "QuestionText": "Please read this opinion article arguing against your position on government spending. [An article of about 400 words presents the strongest case against the respondent's own position.]",
    "DataVisibility": {
     "Private": false,
     "Hidden": false
    },
    "Configuration": {
     "QuestionDescriptionOption": "UseText"
    },
    "QuestionDescription": "Please read this opinion article arguing against your position on government spending. [An articl...",
    "Validation": {
     "Settings": {
      "Type": "None"
     }
    },
    "Language": [],
    "QuestionID": "QID5",
    "QuestionType": "DB",
    "Selector": "TB",
    "DefaultChoices": false,
    "ChoiceOrder": [],
    "GradingData": [],
    "NextChoiceId": 1,
    "NextAnswerId": 1,
    "DataExportTag": "q_op"
   }
  },
  {
   "SurveyID": "SV_filedrawer00000",
   "Element": "SQ",
   "PrimaryAttribute": "QID6",
   "SecondaryAttribute": "Please read this article. [An article of about 400 words on an unrelated topic, ",
   "TertiaryAttribute": null,
   "Payload": {
    "QuestionText": "Please read this article. [An article of about 400 words on an unrelated topic, such as urban gardening.]",
    "DataVisibility": {
     "Private": false,
     "Hidden": false
    },
    "Configuration": {
     "QuestionDescriptionOption": "UseText"
    },
    "QuestionDescription": "Please read this article. [An article of about 400 words on an unrelated topic, such as urban gar...",
    "Validation": {
     "Settings": {
      "Type": "None"
     }
    },
    "Language": [],
    "QuestionID": "QID6",
    "QuestionType": "DB",
    "Selector": "TB",
    "DefaultChoices": false,
    "ChoiceOrder": [],
    "GradingData": [],
    "NextChoiceId": 1,
    "NextAnswerId": 1,
    "DataExportTag": "q_pl"
   }
  },
  {
   "SurveyID": "SV_filedrawer00000",
   "Element": "SQ",
   "PrimaryAttribute": "QID7",
   "SecondaryAttribute": "Next, please chat with our assistant for about three minutes about the article a",
   "TertiaryAttribute": null,
   "Payload": {
    "QuestionText": "Next, please chat with our assistant for about three minutes about the article and your views on government spending. [Chat window opens here.]",
    "DataVisibility": {
     "Private": false,
     "Hidden": false
    },
    "Configuration": {
     "QuestionDescriptionOption": "UseText"
    },
    "QuestionDescription": "Next, please chat with our assistant for about three minutes about the article and your views on...",
    "Validation": {
     "Settings": {
      "Type": "None"
     }
    },
    "Language": [],
    "QuestionID": "QID7",
    "QuestionType": "DB",
    "Selector": "TB",
    "DefaultChoices": false,
    "ChoiceOrder": [],
    "GradingData": [],
    "NextChoiceId": 1,
    "NextAnswerId": 1,
    "DataExportTag": "q_chat"
   }
  },
  {
   "SurveyID": "SV_filedrawer00000",
   "Element": "SQ",
   "PrimaryAttribute": "QID8",
   "SecondaryAttribute": "Please describe in a few sentences what you did yesterday morning.",
   "TertiaryAttribute": null,
   "Payload": {
    "QuestionText": "Please describe in a few sentences what you did yesterday morning.",
    "DataExportTag": "filler_task",
    "DataVisibility": {
     "Private": false,
     "Hidden": false
    },
    "Configuration": {
     "QuestionDescriptionOption": "UseText"
    },
    "QuestionDescription": "Please describe in a few sentences what you did yesterday morning.",
    "Validation": {
     "Settings": {
      "ForceResponse": "ON",
      "ForceResponseType": "ON",
      "Type": "None"
     }
    },
    "Language": [],
    "QuestionID": "QID8",
    "QuestionType": "TE",
    "Selector": "SL",
    "NextChoiceId": 1,
    "NextAnswerId": 1,
    "SearchSource": {
     "AllowFreeResponse": "false"
    }
   }
  },
  {
   "SurveyID": "SV_filedrawer00000",
   "Element": "SQ",
   "PrimaryAttribute": "QID9",
   "SecondaryAttribute": "Now, how much do you support increased government spending? (1 = strongly oppose",
   "TertiaryAttribute": null,
   "Payload": {
    "QuestionText": "Now, how much do you support increased government spending? (1 = strongly oppose, 7 = strongly support)",
    "DataExportTag": "toward_counterarg",
    "DataVisibility": {
     "Private": false,
     "Hidden": false
    },
    "Configuration": {
     "QuestionDescriptionOption": "UseText"
    },
    "QuestionDescription": "Now, how much do you support increased government spending? (1 = strongly oppose, 7 = strongly su...",
    "Validation": {
     "Settings": {
      "ForceResponse": "ON",
      "ForceResponseType": "ON",
      "Type": "None"
     }
    },
    "Language": [],
    "QuestionID": "QID9",
    "QuestionType": "MC",
    "Selector": "SAVR",
    "SubSelector": "TX",
    "Choices": {
     "1": {
      "Display": "1"
     },
     "2": {
      "Display": "2"
     },
     "3": {
      "Display": "3"
     },
     "4": {
      "Display": "4"
     },
     "5": {
      "Display": "5"
     },
     "6": {
      "Display": "6"
     },
     "7": {
      "Display": "7"
     }
    },
    "ChoiceOrder": [
     "1",
     "2",
     "3",
     "4",
     "5",
     "6",
     "7"
    ],
    "NextChoiceId": 8,
    "NextAnswerId": 1,
    "RecodeValues": {
     "1": "1",
     "2": "2",
     "3": "3",
     "4": "4",
     "5": "5",
     "6": "6",
     "7": "7"
    }
   }
  },
  {
   "SurveyID": "SV_filedrawer00000",
   "Element": "SQ",
   "PrimaryAttribute": "QID10",
   "SecondaryAttribute": "How certain are you of your position? (0-100)",
   "TertiaryAttribute": null,
   "Payload": {
    "QuestionText": "How certain are you of your position? (0-100)",
    "DataExportTag": "certainty",
    "DataVisibility": {
     "Private": false,
     "Hidden": false
    },
    "Configuration": {
     "QuestionDescriptionOption": "UseText"
    },
    "QuestionDescription": "How certain are you of your position? (0-100)",
    "Validation": {
     "Settings": {
      "ForceResponse": "ON",
      "ForceResponseType": "ON",
      "Type": "None"
     }
    },
    "Language": [],
    "QuestionID": "QID10",
    "QuestionType": "TE",
    "Selector": "SL",
    "NextChoiceId": 1,
    "NextAnswerId": 1,
    "SearchSource": {
     "AllowFreeResponse": "false"
    }
   }
  },
  {
   "SurveyID": "SV_filedrawer00000",
   "Element": "SQ",
   "PrimaryAttribute": "QID11",
   "SecondaryAttribute": "Thank you. The article argued one side of a debated issue and was written for th",
   "TertiaryAttribute": null,
   "Payload": {
    "QuestionText": "Thank you. The article argued one side of a debated issue and was written for this study. We will email you in about one week for a short follow-up in which we ask again about your support for government spending.",
    "DataVisibility": {
     "Private": false,
     "Hidden": false
    },
    "Configuration": {
     "QuestionDescriptionOption": "UseText"
    },
    "QuestionDescription": "Thank you. The article argued one side of a debated issue and was written for this study. We will...",
    "Validation": {
     "Settings": {
      "Type": "None"
     }
    },
    "Language": [],
    "QuestionID": "QID11",
    "QuestionType": "DB",
    "Selector": "TB",
    "DefaultChoices": false,
    "ChoiceOrder": [],
    "GradingData": [],
    "NextChoiceId": 1,
    "NextAnswerId": 1,
    "DataExportTag": "q_debrief"
   }
  }
 ]
}