{
 "SurveyEntry": {
  "SurveyID": "SV_filedrawer00000",
  "SurveyName": "Op-ed effect by prior position on infrastructure spending (extension of: Dialogue Through Disagreeme",
  "SurveyDescription": null,
  "SurveyOwnerID": "UR_filedrawer00000",
  "SurveyBrandID": "",
  "DivisionID": null,
  "SurveyLanguage": "EN",
  "SurveyActiveResponseSet": "RS_filedrawer00000",
  "SurveyStatus": "Inactive",
  "SurveyStartDate": "0000-00-00 00:00:00",
  "SurveyExpirationDate": "0000-00-00 00:00:00",
  "SurveyCreationDate": "2026-10-08 16:04:04",
  "CreatorID": "UR_filedrawer00000",
  "LastModified": "2026-10-08 16:04:04",
  "LastAccessed": "0000-00-00 00:00:00",
  "LastActivated": "0000-00-00 00:00:00",
  "Deleted": null
 },
 "SurveyElements": [
  {
   "SurveyID": "SV_filedrawer00000",
   "Element": "BL",
   "PrimaryAttribute": "Survey Blocks",
   "SecondaryAttribute": null,
   "TertiaryAttribute": null,
   "Payload": [
    {
     "Type": "Default",
     "Description": "Consent",
     "ID": "BL_b_consent",
     "BlockElements": [
      {
       "Type": "Question",
       "QuestionID": "QID1"
      }
     ]
    },
    {
     "Type": "Standard",
     "Description": "Position",
     "ID": "BL_b_group",
     "BlockElements": [
      {
       "Type": "Question",
       "QuestionID": "QID2"
      }
     ]
    },
    {
     "Type": "Standard",
     "Description": "Op-ed",
     "ID": "BL_b_oped",
     "BlockElements": [
      {
       "Type": "Question",
       "QuestionID": "QID3"
      }
     ]
    },
    {
     "Type": "Standard",
     "Description": "Placebo",
     "ID": "BL_b_placebo",
     "BlockElements": [
      {
       "Type": "Question",
       "QuestionID": "QID4"
      }
     ]
    },
    {
     "Type": "Standard",
     "Description": "Chatbot",
     "ID": "BL_b_chat",
     "BlockElements": [
      {
       "Type": "Question",
       "QuestionID": "QID5"
      }
     ]
    },
    {
     "Type": "Standard",
     "Description": "Outcomes",
     "ID": "BL_b_out",
     "BlockElements": [
      {
       "Type": "Question",
       "QuestionID": "QID6"
      },
      {
       "Type": "Page Break"
      },
      {
       "Type": "Question",
       "QuestionID": "QID7"
      }
     ]
    },
    {
     "Type": "Standard",
     "Description": "Debrief",
     "ID": "BL_b_debrief",
     "BlockElements": [
      {
       "Type": "Question",
       "QuestionID": "QID8"
      }
     ]
    },
    {
     "Type": "Trash",
     "Description": "Trash / Unused Questions",
     "ID": "BL_trash"
    }
   ]
  },
  {
   "SurveyID": "SV_filedrawer00000",
   "Element": "FL",
   "PrimaryAttribute": "Survey Flow",
   "SecondaryAttribute": null,
   "TertiaryAttribute": null,
   "Payload": {
    "Type": "Root",
    "FlowID": "FL_1",
    "Flow": [
     {
      "Type": "Block",
      "ID": "BL_b_consent",
      "FlowID": "FL_2",
      "Autofill": []
     },
     {
      "Type": "Branch",
      "FlowID": "FL_3",
      "Description": "No consent",
      "BranchLogic": {
       "0": {
        "0": {
         "LogicType": "Question",
         "QuestionID": "QID1",
         "QuestionIsInLoop": "no",
         "ChoiceLocator": "q://QID1/SelectableChoice/2",
         "Operator": "Selected",
         "QuestionIDFromLocator": "QID1",
         "LeftOperand": "q://QID1/SelectableChoice/2",
         "Type": "Expression",
         "Description": "If QID1 choice 2 is selected"
        },
        "Type": "If"
       },
       "Type": "BooleanExpression"
      },
      "Flow": [
       {
        "Type": "EndSurvey",
        "FlowID": "FL_4"
       }
      ]
     },
     {
      "Type": "Standard",
      "ID": "BL_b_group",
      "FlowID": "FL_5",
      "Autofill": []
     },
     {
      "Type": "BlockRandomizer",
      "FlowID": "FL_6",
      "SubSet": 1,
      "EvenPresentation": true,
      "Flow": [
       {
        "Type": "Group",
        "FlowID": "FL_7",
        "Description": "Op-ed arm",
        "Flow": [
         {
          "Type": "EmbeddedData",
          "FlowID": "FL_8",
          "EmbeddedData": [
           {
            "Description": "condition",
            "Type": "Custom",
            "Field": "condition",
            "VariableType": "String",
            "DataVisibility": [],
            "AnalyzeText": false,
            "Value": "oped"
           }
          ]
         },
         {
          "Type": "EmbeddedData",
          "FlowID": "FL_9",
          "EmbeddedData": [
           {
            "Description": "article",
            "Type": "Custom",
            "Field": "article",
            "VariableType": "String",
            "DataVisibility": [],
            "AnalyzeText": false,
            "Value": "[IMAGE TO SUPPLY: Text of an op-ed arguing against the respondent's own position on infrastructure spending]"
           }
          ]
         },
         {
          "Type": "Standard",
          "ID": "BL_b_oped",
          "FlowID": "FL_10",
          "Autofill": []
         }
        ]
       },
       {
        "Type": "Group",
        "FlowID": "FL_11",
        "Description": "Placebo arm",
        "Flow": [
         {
          "Type": "EmbeddedData",
          "FlowID": "FL_12",
          "EmbeddedData": [
           {
            "Description": "condition",
            "Type": "Custom",
            "Field": "condition",
            "VariableType": "String",
            "DataVisibility": [],
            "AnalyzeText": false,
            "Value": "placebo"
           }
          ]
         },
         {
          "Type": "EmbeddedData",
          "FlowID": "FL_13",
          "EmbeddedData": [
           {
            "Description": "article",
            "Type": "Custom",
            "Field": "article",
            "VariableType": "String",
            "DataVisibility": [],
            "AnalyzeText": false,
            "Value": "[IMAGE TO SUPPLY: Text of an unrelated placebo article]"
           }
          ]
         },
         {
          "Type": "Standard",
          "ID": "BL_b_placebo",
          "FlowID": "FL_14",
          "Autofill": []
         }
        ]
       }
      ]
     },
     {
      "Type": "Standard",
      "ID": "BL_b_chat",
      "FlowID": "FL_15",
      "Autofill": []
     },
     {
      "Type": "Standard",
      "ID": "BL_b_out",
      "FlowID": "FL_16",
      "Autofill": []
     },
     {
      "Type": "Standard",
      "ID": "BL_b_debrief",
      "FlowID": "FL_17",
      "Autofill": []
     }
    ],
    "Properties": {
     "Count": 17,
     "RemovedFieldsets": []
    }
   }
  },
  {
   "SurveyID": "SV_filedrawer00000",
   "Element": "PL",
   "PrimaryAttribute": "Preview Link",
   "SecondaryAttribute": null,
   "TertiaryAttribute": null,
   "Payload": {
    "PreviewType": "Brand",
    "PreviewID": "686c76a2-3f9c-42e1-a001-239479f119d0"
   }
  },
  {
   "SurveyID": "SV_filedrawer00000",
   "Element": "PROJ",
   "PrimaryAttribute": "CORE",
   "SecondaryAttribute": null,
   "TertiaryAttribute": "1.1.0",
   "Payload": {
    "ProjectCategory": "CORE",
    "SchemaVersion": "1.1.0"
   }
  },
  {
   "SurveyID": "SV_filedrawer00000",
   "Element": "QC",
   "PrimaryAttribute": "Survey Question Count",
   "SecondaryAttribute": "8",
   "TertiaryAttribute": null,
   "Payload": null
  },
  {
   "SurveyID": "SV_filedrawer00000",
   "Element": "RS",
   "PrimaryAttribute": "RS_filedrawer00000",
   "SecondaryAttribute": "Default Response Set",
   "TertiaryAttribute": null,
   "Payload": null
  },
  {
   "SurveyID": "SV_filedrawer00000",
   "Element": "SCO",
   "PrimaryAttribute": "Scoring",
   "SecondaryAttribute": null,
   "TertiaryAttribute": null,
   "Payload": {
    "ScoringCategories": [],
    "ScoringCategoryGroups": [],
    "ScoringSummaryCategory": null,
    "ScoringSummaryAfterQuestions": 0,
    "ScoringSummaryAfterSurvey": 0,
    "DefaultScoringCategory": null,
    "AutoScoringCategory": null
   }
  },
  {
   "SurveyID": "SV_filedrawer00000",
   "Element": "SO",
   "PrimaryAttribute": "Survey Options",
   "SecondaryAttribute": null,
   "TertiaryAttribute": null,
   "Payload": {
    "BackButton": "false",
    "SaveAndContinue": "true",
    "SurveyProtection": "PublicSurvey",
    "BallotBoxStuffingPrevention": "false",
    "NoIndex": "Yes",
    "SecureResponseFiles": "true",
    "SurveyExpiration": "None",
    "SurveyTermination": "DefaultMessage",
    "Header": "",
    "Footer": "",
    "ProgressBarDisplay": "None",
    "PartialData": "+1 week",
    "ValidationMessage": null,
    "PreviousButton": "",
    "NextButton": "",
    "SurveyTitle": "Op-ed effect by prior position on infrastructure spending (extension of: Dialogue Through Disagreeme",
    "SkinLibrary": "Qualtrics",
    "SkinType": "templated",
    "Skin": {
     "brandingId": null,
     "templateId": "*base",
     "overrides": null
    },
    "NewScoring": 1,
    "SurveyMetaDescription": "Respondents are screened for their position on infrastructure spending. Equal numbers of pro- and..."
   }
  },
  {
   "SurveyID": "SV_filedrawer00000",
   "Element": "STAT",
   "PrimaryAttribute": "Survey Statistics",
   "SecondaryAttribute": null,
   "TertiaryAttribute": null,
   "Payload": {
    "MobileCompatible": true,
    "ID": "Survey Statistics"
   }
  },
  {
   "SurveyID": "SV_filedrawer00000",
   "Element": "SQ",
   "PrimaryAttribute": "QID1",
   "SecondaryAttribute": "This is a research study about opinions and a chatbot conversation. It takes abo",
   "TertiaryAttribute": null,
   "Payload": {
    "QuestionText": "This is a research study about opinions and a chatbot conversation. It takes about 10 minutes and is voluntary. Do you agree to participate?",
    "DataExportTag": "consent",
    "DataVisibility": {
     "Private": false,
     "Hidden": false
    },
    "Configuration": {
     "QuestionDescriptionOption": "UseText"
    },
    "QuestionDescription": "This is a research study about opinions and a chatbot conversation. It takes about 10 minutes and...",
    "Validation": {
     "Settings": {
      "ForceResponse": "ON",
      "ForceResponseType": "ON",
      "Type": "None"
     }
    },
    "Language": [],
    "QuestionID": "QID1",
    "QuestionType": "MC",
    "Selector": "SAVR",
    "SubSelector": "TX",
    "Choices": {
     "1": {
      "Display": "I agree"
     },
     "2": {
      "Display": "I do not agree"
     }
    },
    "ChoiceOrder": [
     "1",
     "2"
    ],
    "NextChoiceId": 3,
    "NextAnswerId": 1,
    "RecodeValues": {
     "1": "1",
     "2": "0"
    }
   }
  },
  {
   "SurveyID": "SV_filedrawer00000",
   "Element": "SQ",
   "PrimaryAttribute": "QID2",
   "SecondaryAttribute": "Do you support or oppose increased government spending on infrastructure?",
   "TertiaryAttribute": null,
   "Payload": {
    "QuestionText": "Do you support or oppose increased government spending on infrastructure?",
    "DataExportTag": "group",
    "DataVisibility": {
     "Private": false,
     "Hidden": false
    },
    "Configuration": {
     "QuestionDescriptionOption": "UseText"
    },
    "QuestionDescription": "Do you support or oppose increased government spending on infrastructure?",
    "Validation": {
     "Settings": {
      "ForceResponse": "ON",
      "ForceResponseType": "ON",
      "Type": "None"
     }
    },
    "Language": [],
    "QuestionID": "QID2",
    "QuestionType": "MC",
    "Selector": "SAVR",
    "SubSelector": "TX",
    "Choices": {
     "1": {
      "Display": "Support"
     },
     "2": {
      "Display": "Oppose"
     }
    },
    "ChoiceOrder": [
     "1",
     "2"
    ],
    "NextChoiceId": 3,
    "NextAnswerId": 1,
    "RecodeValues": {
     "1": "1",
     "2": "0"
    }
   }
  },
  {
   "SurveyID": "SV_filedrawer00000",
   "Element": "SQ",
   "PrimaryAttribute": "QID3",
   "SecondaryAttribute": "Please read the following op-ed, which argues against your own position on infra",
   "TertiaryAttribute": null,
   "Payload": {
    "QuestionText": "Please read the following op-ed, which argues against your own position on infrastructure spending, and then continue. ${e://Field/article}",
    "DataVisibility": {
     "Private": false,
     "Hidden": false
    },
    "Configuration": {
     "QuestionDescriptionOption": "UseText"
    },
    "QuestionDescription": "Please read the following op-ed, which argues against your own position on infrastructure spendin...",
    "Validation": {
     "Settings": {
      "Type": "None"
     }
    },
    "Language": [],
    "QuestionID": "QID3",
    "QuestionType": "DB",
    "Selector": "TB",
    "DefaultChoices": false,
    "ChoiceOrder": [],
    "GradingData": [],
    "NextChoiceId": 1,
    "NextAnswerId": 1,
    "DataExportTag": "q_oped"
   }
  },
  {
   "SurveyID": "SV_filedrawer00000",
   "Element": "SQ",
   "PrimaryAttribute": "QID4",
   "SecondaryAttribute": "Please read the following article and then continue. {{ed:article}}",
   "TertiaryAttribute": null,
   "Payload": {
    "QuestionText": "Please read the following article and then continue. ${e://Field/article}",
    "DataVisibility": {
     "Private": false,
     "Hidden": false
    },
    "Configuration": {
     "QuestionDescriptionOption": "UseText"
    },
    "QuestionDescription": "Please read the following article and then continue. ${e://Field/article}",
    "Validation": {
     "Settings": {
      "Type": "None"
     }
    },
    "Language": [],
    "QuestionID": "QID4",
    "QuestionType": "DB",
    "Selector": "TB",
    "DefaultChoices": false,
    "ChoiceOrder": [],
    "GradingData": [],
    "NextChoiceId": 1,
    "NextAnswerId": 1,
    "DataExportTag": "q_placebo"
   }
  },
  {
   "SurveyID": "SV_filedrawer00000",
   "Element": "SQ",
   "PrimaryAttribute": "QID5",
   "SecondaryAttribute": "Next you will talk with a chatbot about infrastructure spending and the article ",
   "TertiaryAttribute": null,
   "Payload": {
    "QuestionText": "Next you will talk with a chatbot about infrastructure spending and the article you read. Please discuss for a few exchanges.",
    "DataVisibility": {
     "Private": false,
     "Hidden": false
    },
    "Configuration": {
     "QuestionDescriptionOption": "UseText"
    },
    "QuestionDescription": "Next you will talk with a chatbot about infrastructure spending and the article you read. Please...",
    "Validation": {
     "Settings": {
      "Type": "None"
     }
    },
    "Language": [],
    "QuestionID": "QID5",
    "QuestionType": "DB",
    "Selector": "TB",
    "DefaultChoices": false,
    "ChoiceOrder": [],
    "GradingData": [],
    "NextChoiceId": 1,
    "NextAnswerId": 1,
    "DataExportTag": "q_chat"
   }
  },
  {
   "SurveyID": "SV_filedrawer00000",
   "Element": "SQ",
   "PrimaryAttribute": "QID6",
   "SecondaryAttribute": "How much do you support increased government spending on infrastructure? (1 = st",
   "TertiaryAttribute": null,
   "Payload": {
    "QuestionText": "How much do you support increased government spending on infrastructure? (1 = strongly oppose, 7 = strongly support)",
    "DataExportTag": "toward_counterarg",
    "DataVisibility": {
     "Private": false,
     "Hidden": false
    },
    "Configuration": {
     "QuestionDescriptionOption": "UseText"
    },
    "QuestionDescription": "How much do you support increased government spending on infrastructure? (1 = strongly oppose, 7...",
    "Validation": {
     "Settings": {
      "ForceResponse": "ON",
      "ForceResponseType": "ON",
      "Type": "None"
     }
    },
    "Language": [],
    "QuestionID": "QID6",
    "QuestionType": "MC",
    "Selector": "SAVR",
    "SubSelector": "TX",
    "Choices": {
     "1": {
      "Display": "1"
     },
     "2": {
      "Display": "2"
     },
     "3": {
      "Display": "3"
     },
     "4": {
      "Display": "4"
     },
     "5": {
      "Display": "5"
     },
     "6": {
      "Display": "6"
     },
     "7": {
      "Display": "7"
     }
    },
    "ChoiceOrder": [
     "1",
     "2",
     "3",
     "4",
     "5",
     "6",
     "7"
    ],
    "NextChoiceId": 8,
    "NextAnswerId": 1,
    "RecodeValues": {
     "1": "1",
     "2": "2",
     "3": "3",
     "4": "4",
     "5": "5",
     "6": "6",
     "7": "7"
    }
   }
  },
  {
   "SurveyID": "SV_filedrawer00000",
   "Element": "SQ",
   "PrimaryAttribute": "QID7",
   "SecondaryAttribute": "How certain are you of your position on infrastructure spending? (0 = not at all",
   "TertiaryAttribute": null,
   "Payload": {
    "QuestionText": "How certain are you of your position on infrastructure spending? (0 = not at all, 100 = completely)",
    "DataExportTag": "certainty",
    "DataVisibility": {
     "Private": false,
     "Hidden": false
    },
    "Configuration": {
     "QuestionDescriptionOption": "UseText"
    },
    "QuestionDescription": "How certain are you of your position on infrastructure spending? (0 = not at all, 100 = completely)",
    "Validation": {
     "Settings": {
      "ForceResponse": "ON",
      "ForceResponseType": "ON",
      "Type": "None"
     }
    },
    "Language": [],
    "QuestionID": "QID7",
    "QuestionType": "TE",
    "Selector": "SL",
    "NextChoiceId": 1,
    "NextAnswerId": 1,
    "SearchSource": {
     "AllowFreeResponse": "false"
    }
   }
  },
  {
   "SurveyID": "SV_filedrawer00000",
   "Element": "SQ",
   "PrimaryAttribute": "QID8",
   "SecondaryAttribute": "Thank you. The op-ed and article were written for research. The chatbot is an au",
   "TertiaryAttribute": null,
   "Payload": {
    "QuestionText": "Thank you. The op-ed and article were written for research. The chatbot is an automated program. Your answers are confidential.",
    "DataVisibility": {
     "Private": false,
     "Hidden": false
    },
    "Configuration": {
     "QuestionDescriptionOption": "UseText"
    },
    "QuestionDescription": "Thank you. The op-ed and article were written for research. The chatbot is an automated program....",
    "Validation": {
     "Settings": {
      "Type": "None"
     }
    },
    "Language": [],
    "QuestionID": "QID8",
    "QuestionType": "DB",
    "Selector": "TB",
    "DefaultChoices": false,
    "ChoiceOrder": [],
    "GradingData": [],
    "NextChoiceId": 1,
    "NextAnswerId": 1,
    "DataExportTag": "q_debrief"
   }
  }
 ]
}